// !$*UTF8*$!
{
	archiveVersion = 1;
	classes = {
	};
	objectVersion = 55;
	objects = {

/* Begin PBXBuildFile section */
		E858BE1F284CBA56000FD379 /* AppDelegate.swift in Sources */ = {isa = PBXBuildFile; fileRef = E858BE1E284CBA56000FD379 /* AppDelegate.swift */; };
		E858BE21284CBA56000FD379 /* SceneDelegate.swift in Sources */ = {isa = PBXBuildFile; fileRef = E858BE20284CBA56000FD379 /* SceneDelegate.swift */; };
		E858BE23284CBA56000FD379 /* ViewController.swift in Sources */ = {isa = PBXBuildFile; fileRef = E858BE22284CBA56000FD379 /* ViewController.swift */; };
		E858BE28284CBA57000FD379 /* Assets.xcassets in Resources */ = {isa = PBXBuildFile; fileRef = E858BE27284CBA57000FD379 /* Assets.xcassets */; };
		E858BE2B284CBA57000FD379 /* LaunchScreen.storyboard in Resources */ = {isa = PBXBuildFile; fileRef = E858BE29284CBA57000FD379 /* LaunchScreen.storyboard */; };
		E858BE33284CCDF6000FD379 /* HeaderForPeople.swift in Sources */ = {isa = PBXBuildFile; fileRef = E858BE32284CCDF6000FD379 /* HeaderForPeople.swift */; };
		E858BE3A284CE64F000FD379 /* SectionOne.xib in Resources */ = {isa = PBXBuildFile; fileRef = E858BE39284CE64F000FD379 /* SectionOne.xib */; };
		E858BE3C284CE938000FD379 /* SectoinOneCell.swift in Sources */ = {isa = PBXBuildFile; fileRef = E858BE3B284CE938000FD379 /* SectoinOneCell.swift */; };
		E858BE3E284CF842000FD379 /* SectionTwo.xib in Resources */ = {isa = PBXBuildFile; fileRef = E858BE3D284CF842000FD379 /* SectionTwo.xib */; };
		E858BE49284CFA7F000FD379 /* DataStorage.swift in Sources */ = {isa = PBXBuildFile; fileRef = E858BE48284CFA7F000FD379 /* DataStorage.swift */; };
		E858BE4B284CFA90000FD379 /* User.swift in Sources */ = {isa = PBXBuildFile; fileRef = E858BE4A284CFA90000FD379 /* User.swift */; };
		E858BE4D284D0029000FD379 /* SectionTwoCell.swift in Sources */ = {isa = PBXBuildFile; fileRef = E858BE4C284D0029000FD379 /* SectionTwoCell.swift */; };
		E858BE4F284D013A000FD379 /* ViewModel.swift in Sources */ = {isa = PBXBuildFile; fileRef = E858BE4E284D013A000FD379 /* ViewModel.swift */; };
		E858BE52284D0B47000FD379 /* SectionTwoButton.xib in Resources */ = {isa = PBXBuildFile; fileRef = E858BE51284D0B47000FD379 /* SectionTwoButton.xib */; };
		E858BE54284D0C0A000FD379 /* SectionTwoButtonCell.swift in Sources */ = {isa = PBXBuildFile; fileRef = E858BE53284D0C0A000FD379 /* SectionTwoButtonCell.swift */; };
/* End PBXBuildFile section */

/* Begin PBXFileReference section */
		E858BE1B284CBA56000FD379 /* ForExample.app */ = {isa = PBXFileReference; explicitFileType = wrapper.application; includeInIndex = 0; path = ForExample.app; sourceTree = BUILT_PRODUCTS_DIR; };
		E858BE1E284CBA56000FD379 /* AppDelegate.swift */ = {isa = PBXFileReference; lastKnownFileType = sourcecode.swift; path = AppDelegate.swift; sourceTree = "<group>"; };
		E858BE20284CBA56000FD379 /* SceneDelegate.swift */ = {isa = PBXFileReference; lastKnownFileType = sourcecode.swift; path = SceneDelegate.swift; sourceTree = "<group>"; };
		E858BE22284CBA56000FD379 /* ViewController.swift */ = {isa = PBXFileReference; lastKnownFileType = sourcecode.swift; path = ViewController.swift; sourceTree = "<group>"; };
		E858BE27284CBA57000FD379 /* Assets.xcassets */ = {isa = PBXFileReference; lastKnownFileType = folder.assetcatalog; path = Assets.xcassets; sourceTree = "<group>"; };
		E858BE2A284CBA57000FD379 /* Base */ = {isa = PBXFileReference; lastKnownFileType = file.storyboard; name = Base; path = Base.lproj/LaunchScreen.storyboard; sourceTree = "<group>"; };
		E858BE2C284CBA57000FD379 /* Info.plist */ = {isa = PBXFileReference; lastKnownFileType = text.plist.xml; path = Info.plist; sourceTree = "<group>"; };
		E858BE32284CCDF6000FD379 /* HeaderForPeople.swift */ = {isa = PBXFileReference; lastKnownFileType = sourcecode.swift; path = HeaderForPeople.swift; sourceTree = "<group>"; };
		E858BE39284CE64F000FD379 /* SectionOne.xib */ = {isa = PBXFileReference; lastKnownFileType = file.xib; path = SectionOne.xib; sourceTree = "<group>"; };
		E858BE3B284CE938000FD379 /* SectoinOneCell.swift */ = {isa = PBXFileReference; lastKnownFileType = sourcecode.swift; path = SectoinOneCell.swift; sourceTree = "<group>"; };
		E858BE3D284CF842000FD379 /* SectionTwo.xib */ = {isa = PBXFileReference; lastKnownFileType = file.xib; path = SectionTwo.xib; sourceTree = "<group>"; };
		E858BE48284CFA7F000FD379 /* DataStorage.swift */ = {isa = PBXFileReference; lastKnownFileType = sourcecode.swift; path = DataStorage.swift; sourceTree = "<group>"; };
		E858BE4A284CFA90000FD379 /* User.swift */ = {isa = PBXFileReference; lastKnownFileType = sourcecode.swift; path = User.swift; sourceTree = "<group>"; };
		E858BE4C284D0029000FD379 /* SectionTwoCell.swift */ = {isa = PBXFileReference; lastKnownFileType = sourcecode.swift; path = SectionTwoCell.swift; sourceTree = "<group>"; };
		E858BE4E284D013A000FD379 /* ViewModel.swift */ = {isa = PBXFileReference; lastKnownFileType = sourcecode.swift; path = ViewModel.swift; sourceTree = "<group>"; };
		E858BE51284D0B47000FD379 /* SectionTwoButton.xib */ = {isa = PBXFileReference; lastKnownFileType = file.xib; path = SectionTwoButton.xib; sourceTree = "<group>"; };
		E858BE53284D0C0A000FD379 /* SectionTwoButtonCell.swift */ = {isa = PBXFileReference; lastKnownFileType = sourcecode.swift; path = SectionTwoButtonCell.swift; sourceTree = "<group>"; };
/* End PBXFileReference section */

/* Begin PBXFrameworksBuildPhase section */
		E858BE18284CBA56000FD379 /* Frameworks */ = {
			isa = PBXFrameworksBuildPhase;
			buildActionMask = 2147483647;
			files = (
			);
			runOnlyForDeploymentPostprocessing = 0;
		};
/* End PBXFrameworksBuildPhase section */

/* Begin PBXGroup section */
		E858BE12284CBA56000FD379 = {
			isa = PBXGroup;
			children = (
				E858BE1D284CBA56000FD379 /* ForExample */,
				E858BE1C284CBA56000FD379 /* Products */,
			);
			sourceTree = "<group>";
		};
		E858BE1C284CBA56000FD379 /* Products */ = {
			isa = PBXGroup;
			children = (
				E858BE1B284CBA56000FD379 /* ForExample.app */,
			);
			name = Products;
			sourceTree = "<group>";
		};
		E858BE1D284CBA56000FD379 /* ForExample */ = {
			isa = PBXGroup;
			children = (
				E858BE47284CFA62000FD379 /* Services */,
				E858BE46284CFA5B000FD379 /* Models */,
				E858BE35284CE5CB000FD379 /* Cells */,
				E858BE1E284CBA56000FD379 /* AppDelegate.swift */,
				E858BE20284CBA56000FD379 /* SceneDelegate.swift */,
				E858BE22284CBA56000FD379 /* ViewController.swift */,
				E858BE4E284D013A000FD379 /* ViewModel.swift */,
				E858BE27284CBA57000FD379 /* Assets.xcassets */,
				E858BE29284CBA57000FD379 /* LaunchScreen.storyboard */,
				E858BE2C284CBA57000FD379 /* Info.plist */,
				E858BE32284CCDF6000FD379 /* HeaderForPeople.swift */,
			);
			path = ForExample;
			sourceTree = "<group>";
		};
		E858BE35284CE5CB000FD379 /* Cells */ = {
			isa = PBXGroup;
			children = (
				E858BE36284CE5D3000FD379 /* SectionOne */,
				E858BE3F284CF852000FD379 /* SectionTwo */,
			);
			path = Cells;
			sourceTree = "<group>";
		};
		E858BE36284CE5D3000FD379 /* SectionOne */ = {
			isa = PBXGroup;
			children = (
				E858BE39284CE64F000FD379 /* SectionOne.xib */,
				E858BE3B284CE938000FD379 /* SectoinOneCell.swift */,
			);
			path = SectionOne;
			sourceTree = "<group>";
		};
		E858BE3F284CF852000FD379 /* SectionTwo */ = {
			isa = PBXGroup;
			children = (
				E858BE50284D0B2A000FD379 /* AddSectionTwoButton */,
				E858BE3D284CF842000FD379 /* SectionTwo.xib */,
				E858BE4C284D0029000FD379 /* SectionTwoCell.swift */,
			);
			name = SectionTwo;
			sourceTree = "<group>";
		};
		E858BE46284CFA5B000FD379 /* Models */ = {
			isa = PBXGroup;
			children = (
				E858BE4A284CFA90000FD379 /* User.swift */,
			);
			path = Models;
			sourceTree = "<group>";
		};
		E858BE47284CFA62000FD379 /* Services */ = {
			isa = PBXGroup;
			children = (
				E858BE48284CFA7F000FD379 /* DataStorage.swift */,
			);
			path = Services;
			sourceTree = "<group>";
		};
		E858BE50284D0B2A000FD379 /* AddSectionTwoButton */ = {
			isa = PBXGroup;
			children = (
				E858BE51284D0B47000FD379 /* SectionTwoButton.xib */,
				E858BE53284D0C0A000FD379 /* SectionTwoButtonCell.swift */,
			);
			name = AddSectionTwoButton;
			sourceTree = "<group>";
		};
/* End PBXGroup section */

/* Begin PBXNativeTarget section */
		E858BE1A284CBA56000FD379 /* ForExample */ = {
			isa = PBXNativeTarget;
			buildConfigurationList = E858BE2F284CBA57000FD379 /* Build configuration list for PBXNativeTarget "ForExample" */;
			buildPhases = (
				E858BE17284CBA56000FD379 /* Sources */,
				E858BE18284CBA56000FD379 /* Frameworks */,
				E858BE19284CBA56000FD379 /* Resources */,
			);
			buildRules = (
			);
			dependencies = (
			);
			name = ForExample;
			productName = ForExample;
			productReference = E858BE1B284CBA56000FD379 /* ForExample.app */;
			productType = "com.apple.product-type.application";
		};
/* End PBXNativeTarget section */

/* Begin PBXProject section */
		E858BE13284CBA56000FD379 /* Project object */ = {
			isa = PBXProject;
			attributes = {
				BuildIndependentTargetsInParallel = 1;
				LastSwiftUpdateCheck = 1330;
				LastUpgradeCheck = 1330;
				TargetAttributes = {
					E858BE1A284CBA56000FD379 = {
						CreatedOnToolsVersion = 13.3.1;
					};
				};
			};
			buildConfigurationList = E858BE16284CBA56000FD379 /* Build configuration list for PBXProject "ForExample" */;
			compatibilityVersion = "Xcode 13.0";
			developmentRegion = en;
			hasScannedForEncodings = 0;
			knownRegions = (
				en,
				Base,
			);
			mainGroup = E858BE12284CBA56000FD379;
			productRefGroup = E858BE1C284CBA56000FD379 /* Products */;
			projectDirPath = "";
			projectRoot = "";
			targets = (
				E858BE1A284CBA56000FD379 /* ForExample */,
			);
		};
/* End PBXProject section */

/* Begin PBXResourcesBuildPhase section */
		E858BE19284CBA56000FD379 /* Resources */ = {
			isa = PBXResourcesBuildPhase;
			buildActionMask = 2147483647;
			files = (
				E858BE52284D0B47000FD379 /* SectionTwoButton.xib in Resources */,
				E858BE3A284CE64F000FD379 /* SectionOne.xib in Resources */,
				E858BE2B284CBA57000FD379 /* LaunchScreen.storyboard in Resources */,
				E858BE3E284CF842000FD379 /* SectionTwo.xib in Resources */,
				E858BE28284CBA57000FD379 /* Assets.xcassets in Resources */,
			);
			runOnlyForDeploymentPostprocessing = 0;
		};
/* End PBXResourcesBuildPhase section */

/* Begin PBXSourcesBuildPhase section */
		E858BE17284CBA56000FD379 /* Sources */ = {
			isa = PBXSourcesBuildPhase;
			buildActionMask = 2147483647;
			files = (
				E858BE3C284CE938000FD379 /* SectoinOneCell.swift in Sources */,
				E858BE4F284D013A000FD379 /* ViewModel.swift in Sources */,
				E858BE33284CCDF6000FD379 /* HeaderForPeople.swift in Sources */,
				E858BE23284CBA56000FD379 /* ViewController.swift in Sources */,
				E858BE49284CFA7F000FD379 /* DataStorage.swift in Sources */,
				E858BE1F284CBA56000FD379 /* AppDelegate.swift in Sources */,
				E858BE21284CBA56000FD379 /* SceneDelegate.swift in Sources */,
				E858BE4D284D0029000FD379 /* SectionTwoCell.swift in Sources */,
				E858BE54284D0C0A000FD379 /* SectionTwoButtonCell.swift in Sources */,
				E858BE4B284CFA90000FD379 /* User.swift in Sources */,
			);
			runOnlyForDeploymentPostprocessing = 0;
		};
/* End PBXSourcesBuildPhase section */

/* Begin PBXVariantGroup section */
		E858BE29284CBA57000FD379 /* LaunchScreen.storyboard */ = {
			isa = PBXVariantGroup;
			children = (
				E858BE2A284CBA57000FD379 /* Base */,
			);
			name = LaunchScreen.storyboard;
			sourceTree = "<group>";
		};
/* End PBXVariantGroup section */

/* Begin XCBuildConfiguration section */
		E858BE2D284CBA57000FD379 /* Debug */ = {
			isa = XCBuildConfiguration;
			buildSettings = {
				ALWAYS_SEARCH_USER_PATHS = NO;
				CLANG_ANALYZER_NONNULL = YES;
				CLANG_ANALYZER_NUMBER_OBJECT_CONVERSION = YES_AGGRESSIVE;
				CLANG_CXX_LANGUAGE_STANDARD = "gnu++17";
				CLANG_ENABLE_MODULES = YES;
				CLANG_ENABLE_OBJC_ARC = YES;
				CLANG_ENABLE_OBJC_WEAK = YES;
				CLANG_WARN_BLOCK_CAPTURE_AUTORELEASING = YES;
				CLANG_WARN_BOOL_CONVERSION = YES;
				CLANG_WARN_COMMA = YES;
				CLANG_WARN_CONSTANT_CONVERSION = YES;
				CLANG_WARN_DEPRECATED_OBJC_IMPLEMENTATIONS = YES;
				CLANG_WARN_DIRECT_OBJC_ISA_USAGE = YES_ERROR;
				CLANG_WARN_DOCUMENTATION_COMMENTS = YES;
				CLANG_WARN_EMPTY_BODY = YES;
				CLANG_WARN_ENUM_CONVERSION = YES;
				CLANG_WARN_INFINITE_RECURSION = YES;
				CLANG_WARN_INT_CONVERSION = YES;
				CLANG_WARN_NON_LITERAL_NULL_CONVERSION = YES;
				CLANG_WARN_OBJC_IMPLICIT_RETAIN_SELF = YES;
				CLANG_WARN_OBJC_LITERAL_CONVERSION = YES;
				CLANG_WARN_OBJC_ROOT_CLASS = YES_ERROR;
				CLANG_WARN_QUOTED_INCLUDE_IN_FRAMEWORK_HEADER = YES;
				CLANG_WARN_RANGE_LOOP_ANALYSIS = YES;
				CLANG_WARN_STRICT_PROTOTYPES = YES;
				CLANG_WARN_SUSPICIOUS_MOVE = YES;
				CLANG_WARN_UNGUARDED_AVAILABILITY = YES_AGGRESSIVE;
				CLANG_WARN_UNREACHABLE_CODE = YES;
				CLANG_WARN__DUPLICATE_METHOD_MATCH = YES;
				COPY_PHASE_STRIP = NO;
				DEBUG_INFORMATION_FORMAT = dwarf;
				ENABLE_STRICT_OBJC_MSGSEND = YES;
				ENABLE_TESTABILITY = YES;
				GCC_C_LANGUAGE_STANDARD = gnu11;
				GCC_DYNAMIC_NO_PIC = NO;
				GCC_NO_COMMON_BLOCKS = YES;
				GCC_OPTIMIZATION_LEVEL = 0;
				GCC_PREPROCESSOR_DEFINITIONS = (
					"DEBUG=1",
					"$(inherited)",
				);
				GCC_WARN_64_TO_32_BIT_CONVERSION = YES;
				GCC_WARN_ABOUT_RETURN_TYPE = YES_ERROR;
				GCC_WARN_UNDECLARED_SELECTOR = YES;
				GCC_WARN_UNINITIALIZED_AUTOS = YES_AGGRESSIVE;
				GCC_WARN_UNUSED_FUNCTION = YES;
				GCC_WARN_UNUSED_VARIABLE = YES;
				IPHONEOS_DEPLOYMENT_TARGET = 15.4;
				MTL_ENABLE_DEBUG_INFO = INCLUDE_SOURCE;
				MTL_FAST_MATH = YES;
				ONLY_ACTIVE_ARCH = YES;
				SDKROOT = iphoneos;
				SWIFT_ACTIVE_COMPILATION_CONDITIONS = DEBUG;
				SWIFT_OPTIMIZATION_LEVEL = "-Onone";
			};
			name = Debug;
		};
		E858BE2E284CBA57000FD379 /* Release */ = {
			isa = XCBuildConfiguration;
			buildSettings = {
				ALWAYS_SEARCH_USER_PATHS = NO;
				CLANG_ANALYZER_NONNULL = YES;
				CLANG_ANALYZER_NUMBER_OBJECT_CONVERSION = YES_AGGRESSIVE;
				CLANG_CXX_LANGUAGE_STANDARD = "gnu++17";
				CLANG_ENABLE_MODULES = YES;
				CLANG_ENABLE_OBJC_ARC = YES;
				CLANG_ENABLE_OBJC_WEAK = YES;
				CLANG_WARN_BLOCK_CAPTURE_AUTORELEASING = YES;
				CLANG_WARN_BOOL_CONVERSION = YES;
				CLANG_WARN_COMMA = YES;
				CLANG_WARN_CONSTANT_CONVERSION = YES;
				CLANG_WARN_DEPRECATED_OBJC_IMPLEMENTATIONS = YES;
				CLANG_WARN_DIRECT_OBJC_ISA_USAGE = YES_ERROR;
				CLANG_WARN_DOCUMENTATION_COMMENTS = YES;
				CLANG_WARN_EMPTY_BODY = YES;
				CLANG_WARN_ENUM_CONVERSION = YES;
				CLANG_WARN_INFINITE_RECURSION = YES;
				CLANG_WARN_INT_CONVERSION = YES;
				CLANG_WARN_NON_LITERAL_NULL_CONVERSION = YES;
				CLANG_WARN_OBJC_IMPLICIT_RETAIN_SELF = YES;
				CLANG_WARN_OBJC_LITERAL_CONVERSION = YES;
				CLANG_WARN_OBJC_ROOT_CLASS = YES_ERROR;
				CLANG_WARN_QUOTED_INCLUDE_IN_FRAMEWORK_HEADER = YES;
				CLANG_WARN_RANGE_LOOP_ANALYSIS = YES;
				CLANG_WARN_STRICT_PROTOTYPES = YES;
				CLANG_WARN_SUSPICIOUS_MOVE = YES;
				CLANG_WARN_UNGUARDED_AVAILABILITY = YES_AGGRESSIVE;
				CLANG_WARN_UNREACHABLE_CODE = YES;
				CLANG_WARN__DUPLICATE_METHOD_MATCH = YES;
				COPY_PHASE_STRIP = NO;
				DEBUG_INFORMATION_FORMAT = "dwarf-with-dsym";
				ENABLE_NS_ASSERTIONS = NO;
				ENABLE_STRICT_OBJC_MSGSEND = YES;
				GCC_C_LANGUAGE_STANDARD = gnu11;
				GCC_NO_COMMON_BLOCKS = YES;
				GCC_WARN_64_TO_32_BIT_CONVERSION = YES;
				GCC_WARN_ABOUT_RETURN_TYPE = YES_ERROR;
				GCC_WARN_UNDECLARED_SELECTOR = YES;
				GCC_WARN_UNINITIALIZED_AUTOS = YES_AGGRESSIVE;
				GCC_WARN_UNUSED_FUNCTION = YES;
				GCC_WARN_UNUSED_VARIABLE = YES;
				IPHONEOS_DEPLOYMENT_TARGET = 15.4;
				MTL_ENABLE_DEBUG_INFO = NO;
				MTL_FAST_MATH = YES;
				SDKROOT = iphoneos;
				SWIFT_COMPILATION_MODE = wholemodule;
				SWIFT_OPTIMIZATION_LEVEL = "-O";
				VALIDATE_PRODUCT = YES;
			};
			name = Release;
		};
		E858BE30284CBA57000FD379 /* Debug */ = {
			isa = XCBuildConfiguration;
			buildSettings = {
				ASSETCATALOG_COMPILER_APPICON_NAME = AppIcon;
				ASSETCATALOG_COMPILER_GLOBAL_ACCENT_COLOR_NAME = AccentColor;
				CODE_SIGN_STYLE = Automatic;
				CURRENT_PROJECT_VERSION = 1;
				DEVELOPMENT_TEAM = 2Q7FR5CHKB;
				GENERATE_INFOPLIST_FILE = YES;
				INFOPLIST_FILE = ForExample/Info.plist;
				INFOPLIST_KEY_UIApplicationSupportsIndirectInputEvents = YES;
				INFOPLIST_KEY_UILaunchStoryboardName = LaunchScreen;
				INFOPLIST_KEY_UISupportedInterfaceOrientations_iPad = "UIInterfaceOrientationPortrait UIInterfaceOrientationPortraitUpsideDown UIInterfaceOrientationLandscapeLeft UIInterfaceOrientationLandscapeRight";
				INFOPLIST_KEY_UISupportedInterfaceOrientations_iPhone = "UIInterfaceOrientationPortrait UIInterfaceOrientationLandscapeLeft UIInterfaceOrientationLandscapeRight";
				LD_RUNPATH_SEARCH_PATHS = (
					"$(inherited)",
					"@executable_path/Frameworks",
				);
				MARKETING_VERSION = 1.0;
				PRODUCT_BUNDLE_IDENTIFIER = reyganstorm.ForExample;
				PRODUCT_NAME = "$(TARGET_NAME)";
				SWIFT_EMIT_LOC_STRINGS = YES;
				SWIFT_VERSION = 5.0;
				TARGETED_DEVICE_FAMILY = "1,2";
			};
			name = Debug;
		};
		E858BE31284CBA57000FD379 /* Release */ = {
			isa = XCBuildConfiguration;
			buildSettings = {
				ASSETCATALOG_COMPILER_APPICON_NAME = AppIcon;
				ASSETCATALOG_COMPILER_GLOBAL_ACCENT_COLOR_NAME = AccentColor;
				CODE_SIGN_STYLE = Automatic;
				CURRENT_PROJECT_VERSION = 1;
				DEVELOPMENT_TEAM = 2Q7FR5CHKB;
				GENERATE_INFOPLIST_FILE = YES;
				INFOPLIST_FILE = ForExample/Info.plist;
				INFOPLIST_KEY_UIApplicationSupportsIndirectInputEvents = YES;
				INFOPLIST_KEY_UILaunchStoryboardName = LaunchScreen;
				INFOPLIST_KEY_UISupportedInterfaceOrientations_iPad = "UIInterfaceOrientationPortrait UIInterfaceOrientationPortraitUpsideDown UIInterfaceOrientationLandscapeLeft UIInterfaceOrientationLandscapeRight";
				INFOPLIST_KEY_UISupportedInterfaceOrientations_iPhone = "UIInterfaceOrientationPortrait UIInterfaceOrientationLandscapeLeft UIInterfaceOrientationLandscapeRight";
				LD_RUNPATH_SEARCH_PATHS = (
					"$(inherited)",
					"@executable_path/Frameworks",
				);
				MARKETING_VERSION = 1.0;
				PRODUCT_BUNDLE_IDENTIFIER = reyganstorm.ForExample;
				PRODUCT_NAME = "$(TARGET_NAME)";
				SWIFT_EMIT_LOC_STRINGS = YES;
				SWIFT_VERSION = 5.0;
				TARGETED_DEVICE_FAMILY = "1,2";
			};
			name = Release;
		};
/* End XCBuildConfiguration section */

/* Begin XCConfigurationList section */
		E858BE16284CBA56000FD379 /* Build configuration list for PBXProject "ForExample" */ = {
			isa = XCConfigurationList;
			buildConfigurations = (
				E858BE2D284CBA57000FD379 /* Debug */,
				E858BE2E284CBA57000FD379 /* Release */,
			);
			defaultConfigurationIsVisible = 0;
			defaultConfigurationName = Release;
		};
		E858BE2F284CBA57000FD379 /* Build configuration list for PBXNativeTarget "ForExample" */ = {
			isa = XCConfigurationList;
			buildConfigurations = (
				E858BE30284CBA57000FD379 /* Debug */,
				E858BE31284CBA57000FD379 /* Release */,
			);
			defaultConfigurationIsVisible = 0;
			defaultConfigurationName = Release;
		};
/* End XCConfigurationList section */
	};
	rootObject = E858BE13284CBA56000FD379 /* Project object */;
}
